Microsoft Visual Studio Solution File, Format Version 12.00
# Visual Studio Version 17
VisualStudioVersion = 17.5.2.0
MinimumVisualStudioVersion = 10.0.40219.1
Project("{FAE04EC0-301F-11D3-BF4B-00C04F79EFBC}") = "BotMax", "BotMax.csproj", "{6B8BEF06-4407-C0F7-B6E0-8D57133ECB77}"
EndProject
Global
	GlobalSection(SolutionConfigurationPlatforms) = preSolution
		Debug|Any CPU = Debug|Any CPU
		Release|Any CPU = Release|Any CPU
	EndGlobalSection
	GlobalSection(ProjectConfigurationPlatforms) = postSolution
		{6B8BEF06-4407-C0F7-B6E0-8D57133ECB77}.Debug|Any CPU.ActiveCfg = Debug|Any CPU
		{6B8BEF06-4407-C0F7-B6E0-8D57133ECB77}.Debug|Any CPU.Build.0 = Debug|Any CPU
		{6B8BEF06-4407-C0F7-B6E0-8D57133ECB77}.Release|Any CPU.ActiveCfg = Release|Any CPU
		{6B8BEF06-4407-C0F7-B6E0-8D57133ECB77}.Release|Any CPU.Build.0 = Release|Any CPU
	EndGlobalSection
	GlobalSection(SolutionProperties) = preSolution
		HideSolutionNode = FALSE
	EndGlobalSection
	GlobalSection(ExtensibilityGlobals) = postSolution
		SolutionGuid = {5150D079-23BB-445A-BE5F-402594EC27AE}
	EndGlobalSection
EndGlobal
